
Microsoft Visual Studio Solution File, Format Version 12.00
# Visual Studio Version 17
VisualStudioVersion = 17.1.32421.90
MinimumVisualStudioVersion = 10.0.40219.1
Project("{FAE04EC0-301F-11D3-BF4B-00C04F79EFBC}") = "VehiclesApp.MVC", "VehiclesApp\VehiclesApp.MVC.csproj", "{787E45FB-24B8-4476-BFE3-C71C8F5B428F}"
EndProject
Project("{FAE04EC0-301F-11D3-BF4B-00C04F79EFBC}") = "VehiclesApp.Service", "VehiclesApp.Service\VehiclesApp.Service.csproj", "{C803A283-5536-4A7E-A4BF-607E11A7D7C0}"
EndProject
Global
	GlobalSection(SolutionConfigurationPlatforms) = preSolution
		Debug|Any CPU = Debug|Any CPU
		Release|Any CPU = Release|Any CPU
	EndGlobalSection
	GlobalSection(ProjectConfigurationPlatforms) = postSolution
		{787E45FB-24B8-4476-BFE3-C71C8F5B428F}.Debug|Any CPU.ActiveCfg = Debug|Any CPU
		{787E45FB-24B8-4476-BFE3-C71C8F5B428F}.Debug|Any CPU.Build.0 = Debug|Any CPU
		{787E45FB-24B8-4476-BFE3-C71C8F5B428F}.Release|Any CPU.ActiveCfg = Release|Any CPU
		{787E45FB-24B8-4476-BFE3-C71C8F5B428F}.Release|Any CPU.Build.0 = Release|Any CPU
		{C803A283-5536-4A7E-A4BF-607E11A7D7C0}.Debug|Any CPU.ActiveCfg = Debug|Any CPU
		{C803A283-5536-4A7E-A4BF-607E11A7D7C0}.Debug|Any CPU.Build.0 = Debug|Any CPU
		{C803A283-5536-4A7E-A4BF-607E11A7D7C0}.Release|Any CPU.ActiveCfg = Release|Any CPU
		{C803A283-5536-4A7E-A4BF-607E11A7D7C0}.Release|Any CPU.Build.0 = Release|Any CPU
	EndGlobalSection
	GlobalSection(SolutionProperties) = preSolution
		HideSolutionNode = FALSE
	EndGlobalSection
	GlobalSection(ExtensibilityGlobals) = postSolution
		SolutionGuid = {938F248F-6CD2-4EFF-8641-E8B98E361735}
	EndGlobalSection
EndGlobal
